# This file is automatically @generated by Cargo.
# It is not intended for manual editing.
version = 4

[[package]]
name = "plugin-blur5"
version = "0.1.0"
dependencies = [
 "umber-plugin-sdk",
]

[[package]]
name = "plugin-infinite"
version = "0.1.0"
dependencies = [
 "umber-plugin-sdk",
]

[[package]]
name = "plugin-vignette"
version = "0.1.0"
dependencies = [
 "umber-plugin-sdk",
]

[[package]]
name = "umber-plugin-sdk"
version = "0.1.0"
